
Microsoft Visual Studio Solution File, Format Version 11.00
# Visual Studio 2010
# SharpDevelop 4.4
Project("{FAE04EC0-301F-11D3-BF4B-00C04F79EFBC}") = "mapper2", "mapper2.csproj", "{7493347A-FEBB-462E-9B0E-83D0A85960DC}"
EndProject
Global
	GlobalSection(SolutionConfigurationPlatforms) = preSolution
		Debug|Any CPU = Debug|Any CPU
		Release|Any CPU = Release|Any CPU
	EndGlobalSection
	GlobalSection(ProjectConfigurationPlatforms) = postSolution
		{7493347A-FEBB-462E-9B0E-83D0A85960DC}.Debug|Any CPU.Build.0 = Debug|Any CPU
		{7493347A-FEBB-462E-9B0E-83D0A85960DC}.Debug|Any CPU.ActiveCfg = Debug|Any CPU
		{7493347A-FEBB-462E-9B0E-83D0A85960DC}.Release|Any CPU.Build.0 = Release|Any CPU
		{7493347A-FEBB-462E-9B0E-83D0A85960DC}.Release|Any CPU.ActiveCfg = Release|Any CPU
	EndGlobalSection
EndGlobal
